<Solution>
    <Project Path="Bifrost\Kart.Tests\Kart.Tests.csproj"/>
    <Project Path="Bifrost\Kart\Kart.csproj"/>
    <Project Path="Bragi\Bragi.csproj"/>
    <Project Path="Brunnr.Tests\Brunnr.Tests.csproj"/>
    <Project Path="Brunnr\Brunnr.csproj"/>
    <Project Path="Kvasir\Kvasir.csproj"/>
    <Project Path="Nornir.Tests\Nornir.Tests.csproj"/>
    <Project Path="Nornir\Nornir.csproj"/>
    <Project Path="Volundr\Gler\Gler.csproj"/>
</Solution>
